
Microsoft Visual Studio Solution File, Format Version 12.00
# Visual Studio 2013
VisualStudioVersion = 12.0.31101.0
MinimumVisualStudioVersion = 10.0.40219.1
Project("{8BC9CEB8-8B4A-11D0-8D11-00A0C91BC942}") = "npacman", "npacman.vcxproj", "{86F4BCF0-39A7-4EF5-BDAC-62BA1E925E12}"
EndProject
Global
	GlobalSection(SolutionConfigurationPlatforms) = preSolution
		Debug|Win32 = Debug|Win32
		Release|Win32 = Release|Win32
		Test|Win32 = Test|Win32
	EndGlobalSection
	GlobalSection(ProjectConfigurationPlatforms) = postSolution
		{86F4BCF0-39A7-4EF5-BDAC-62BA1E925E12}.Debug|Win32.ActiveCfg = Debug|Win32
		{86F4BCF0-39A7-4EF5-BDAC-62BA1E925E12}.Debug|Win32.Build.0 = Debug|Win32
		{86F4BCF0-39A7-4EF5-BDAC-62BA1E925E12}.Release|Win32.ActiveCfg = Release|Win32
		{86F4BCF0-39A7-4EF5-BDAC-62BA1E925E12}.Release|Win32.Build.0 = Release|Win32
		{86F4BCF0-39A7-4EF5-BDAC-62BA1E925E12}.Test|Win32.ActiveCfg = Test|Win32
		{86F4BCF0-39A7-4EF5-BDAC-62BA1E925E12}.Test|Win32.Build.0 = Test|Win32
	EndGlobalSection
	GlobalSection(SolutionProperties) = preSolution
		HideSolutionNode = FALSE
	EndGlobalSection
EndGlobal
